// !$*UTF8*$!
{
	archiveVersion = 1;
	classes = {
	};
	objectVersion = 77;
	objects = {

/* Begin PBXContainerItemProxy section */
		DE415FF02DEA18B9006542F4 /* PBXContainerItemProxy */ = {
			isa = PBXContainerItemProxy;
			containerPortal = DE415FDA2DEA18B8006542F4 /* Project object */;
			proxyType = 1;
			remoteGlobalIDString = DE415FE12DEA18B8006542F4;
			remoteInfo = MobileTiltMouse;
		};
		DE415FFA2DEA18B9006542F4 /* PBXContainerItemProxy */ = {
			isa = PBXContainerItemProxy;
			containerPortal = DE415FDA2DEA18B8006542F4 /* Project object */;
			proxyType = 1;
			remoteGlobalIDString = DE415FE12DEA18B8006542F4;
			remoteInfo = MobileTiltMouse;
		};
/* End PBXContainerItemProxy section */

/* Begin PBXFileReference section */
		DE2C9BB82DED9ABC00325801 /* MobileTiltMouse.xctestplan */ = {isa = PBXFileReference; lastKnownFileType = text; path = MobileTiltMouse.xctestplan; sourceTree = "<group>"; };
		DE415FE22DEA18B8006542F4 /* MobileTiltMouse.app */ = {isa = PBXFileReference; explicitFileType = wrapper.application; includeInIndex = 0; path = MobileTiltMouse.app; sourceTree = BUILT_PRODUCTS_DIR; };
		DE415FEF2DEA18B9006542F4 /* MobileTiltMouseTests.xctest */ = {isa = PBXFileReference; explicitFileType = wrapper.cfbundle; includeInIndex = 0; path = MobileTiltMouseTests.xctest; sourceTree = BUILT_PRODUCTS_DIR; };
		DE415FF92DEA18B9006542F4 /* MobileTiltMouseUITests.xctest */ = {isa = PBXFileReference; explicitFileType = wrapper.cfbundle; includeInIndex = 0; path = MobileTiltMouseUITests.xctest; sourceTree = BUILT_PRODUCTS_DIR; };
/* End PBXFileReference section */

/* Begin PBXFileSystemSynchronizedBuildFileExceptionSet section */
		DE2C9BBB2DEDA2A500325801 /* Exceptions for "MobileTiltMouse" folder in "MobileTiltMouse" target */ = {
			isa = PBXFileSystemSynchronizedBuildFileExceptionSet;
			membershipExceptions = (
				Info.plist,
			);
			target = DE415FE12DEA18B8006542F4 /* MobileTiltMouse */;
		};
/* End PBXFileSystemSynchronizedBuildFileExceptionSet section */

/* Begin PBXFileSystemSynchronizedRootGroup section */
		DE415FE42DEA18B8006542F4 /* MobileTiltMouse */ = {
			isa = PBXFileSystemSynchronizedRootGroup;
			exceptions = (
				DE2C9BBB2DEDA2A500325801 /* Exceptions for "MobileTiltMouse" folder in "MobileTiltMouse" target */,
			);
			path = MobileTiltMouse;
			sourceTree = "<group>";
		};
		DE415FF22DEA18B9006542F4 /* MobileTiltMouseTests */ = {
			isa = PBXFileSystemSynchronizedRootGroup;
			path = MobileTiltMouseTests;
			sourceTree = "<group>";
		};
		DE415FFC2DEA18B9006542F4 /* MobileTiltMouseUITests */ = {
			isa = PBXFileSystemSynchronizedRootGroup;
			path = MobileTiltMouseUITests;
			sourceTree = "<group>";
		};
/* End PBXFileSystemSynchronizedRootGroup section */

/* Begin PBXFrameworksBuildPhase section */
		DE415FDF2DEA18B8006542F4 /* Frameworks */ = {
			isa = PBXFrameworksBuildPhase;
			buildActionMask = 2147483647;
			files = (
			);
			runOnlyForDeploymentPostprocessing = 0;
		};
		DE415FEC2DEA18B9006542F4 /* Frameworks */ = {
			isa = PBXFrameworksBuildPhase;
			buildActionMask = 2147483647;
			files = (
			);
			runOnlyForDeploymentPostprocessing = 0;
		};
		DE415FF62DEA18B9006542F4 /* Frameworks */ = {
			isa = PBXFrameworksBuildPhase;
			buildActionMask = 2147483647;
			files = (
			);
			runOnlyForDeploymentPostprocessing = 0;
		};
/* End PBXFrameworksBuildPhase section */

/* Begin PBXGroup section */
		DE415FD92DEA18B8006542F4 = {
			isa = PBXGroup;
			children = (
				DE2C9BB82DED9ABC00325801 /* MobileTiltMouse.xctestplan */,
				DE415FE42DEA18B8006542F4 /* MobileTiltMouse */,
				DE415FF22DEA18B9006542F4 /* MobileTiltMouseTests */,
				DE415FFC2DEA18B9006542F4 /* MobileTiltMouseUITests */,
				DE415FE32DEA18B8006542F4 /* Products */,
			);
			sourceTree = "<group>";
		};
		DE415FE32DEA18B8006542F4 /* Products */ = {
			isa = PBXGroup;
			children = (
				DE415FE22DEA18B8006542F4 /* MobileTiltMouse.app */,
				DE415FEF2DEA18B9006542F4 /* MobileTiltMouseTests.xctest */,
				DE415FF92DEA18B9006542F4 /* MobileTiltMouseUITests.xctest */,
			);
			name = Products;
			sourceTree = "<group>";
		};
/* End PBXGroup section */

/* Begin PBXNativeTarget section */
		DE415FE12DEA18B8006542F4 /* MobileTiltMouse */ = {
			isa = PBXNativeTarget;
			buildConfigurationList = DE4160032DEA18B9006542F4 /* Build configuration list for PBXNativeTarget "MobileTiltMouse" */;
			buildPhases = (
				DE415FDE2DEA18B8006542F4 /* Sources */,
				DE415FDF2DEA18B8006542F4 /* Frameworks */,
				DE415FE02DEA18B8006542F4 /* Resources */,
			);
			buildRules = (
			);
			dependencies = (
			);
			fileSystemSynchronizedGroups = (
				DE415FE42DEA18B8006542F4 /* MobileTiltMouse */,
			);
			name = MobileTiltMouse;
			packageProductDependencies = (
			);
			productName = MobileTiltMouse;
			productReference = DE415FE22DEA18B8006542F4 /* MobileTiltMouse.app */;
			productType = "com.apple.product-type.application";
		};
		DE415FEE2DEA18B9006542F4 /* MobileTiltMouseTests */ = {
			isa = PBXNativeTarget;
			buildConfigurationList = DE4160062DEA18B9006542F4 /* Build configuration list for PBXNativeTarget "MobileTiltMouseTests" */;
			buildPhases = (
				DE415FEB2DEA18B9006542F4 /* Sources */,
				DE415FEC2DEA18B9006542F4 /* Frameworks */,
				DE415FED2DEA18B9006542F4 /* Resources */,
			);
			buildRules = (
			);
			dependencies = (
				DE415FF12DEA18B9006542F4 /* PBXTargetDependency */,
			);
			fileSystemSynchronizedGroups = (
				DE415FF22DEA18B9006542F4 /* MobileTiltMouseTests */,
			);
			name = MobileTiltMouseTests;
			packageProductDependencies = (
			);
			productName = MobileTiltMouseTests;
			productReference = DE415FEF2DEA18B9006542F4 /* MobileTiltMouseTests.xctest */;
			productType = "com.apple.product-type.bundle.unit-test";
		};
		DE415FF82DEA18B9006542F4 /* MobileTiltMouseUITests */ = {
			isa = PBXNativeTarget;
			buildConfigurationList = DE4160092DEA18B9006542F4 /* Build configuration list for PBXNativeTarget "MobileTiltMouseUITests" */;
			buildPhases = (
				DE415FF52DEA18B9006542F4 /* Sources */,
				DE415FF62DEA18B9006542F4 /* Frameworks */,
				DE415FF72DEA18B9006542F4 /* Resources */,
			);
			buildRules = (
			);
			dependencies = (
				DE415FFB2DEA18B9006542F4 /* PBXTargetDependency */,
			);
			fileSystemSynchronizedGroups = (
				DE415FFC2DEA18B9006542F4 /* MobileTiltMouseUITests */,
			);
			name = MobileTiltMouseUITests;
			packageProductDependencies = (
			);
			productName = MobileTiltMouseUITests;
			productReference = DE415FF92DEA18B9006542F4 /* MobileTiltMouseUITests.xctest */;
			productType = "com.apple.product-type.bundle.ui-testing";
		};
/* End PBXNativeTarget section */

/* Begin PBXProject section */
		DE415FDA2DEA18B8006542F4 /* Project object */ = {
			isa = PBXProject;
			attributes = {
				BuildIndependentTargetsInParallel = 1;
				LastSwiftUpdateCheck = 1640;
				LastUpgradeCheck = 1640;
				TargetAttributes = {
					DE415FE12DEA18B8006542F4 = {
						CreatedOnToolsVersion = 16.4;
					};
					DE415FEE2DEA18B9006542F4 = {
						CreatedOnToolsVersion = 16.4;
						TestTargetID = DE415FE12DEA18B8006542F4;
					};
					DE415FF82DEA18B9006542F4 = {
						CreatedOnToolsVersion = 16.4;
						TestTargetID = DE415FE12DEA18B8006542F4;
					};
				};
			};
			buildConfigurationList = DE415FDD2DEA18B8006542F4 /* Build configuration list for PBXProject "MobileTiltMouse" */;
			developmentRegion = en;
			hasScannedForEncodings = 0;
			knownRegions = (
				en,
				Base,
			);
			mainGroup = DE415FD92DEA18B8006542F4;
			minimizedProjectReferenceProxies = 1;
			preferredProjectObjectVersion = 77;
			productRefGroup = DE415FE32DEA18B8006542F4 /* Products */;
			projectDirPath = "";
			projectRoot = "";
			targets = (
				DE415FE12DEA18B8006542F4 /* MobileTiltMouse */,
				DE415FEE2DEA18B9006542F4 /* MobileTiltMouseTests */,
				DE415FF82DEA18B9006542F4 /* MobileTiltMouseUITests */,
			);
		};
/* End PBXProject section */

/* Begin PBXResourcesBuildPhase section */
		DE415FE02DEA18B8006542F4 /* Resources */ = {
			isa = PBXResourcesBuildPhase;
			buildActionMask = 2147483647;
			files = (
			);
			runOnlyForDeploymentPostprocessing = 0;
		};
		DE415FED2DEA18B9006542F4 /* Resources */ = {
			isa = PBXResourcesBuildPhase;
			buildActionMask = 2147483647;
			files = (
			);
			runOnlyForDeploymentPostprocessing = 0;
		};
		DE415FF72DEA18B9006542F4 /* Resources */ = {
			isa = PBXResourcesBuildPhase;
			buildActionMask = 2147483647;
			files = (
			);
			runOnlyForDeploymentPostprocessing = 0;
		};
/* End PBXResourcesBuildPhase section */

/* Begin PBXSourcesBuildPhase section */
		DE415FDE2DEA18B8006542F4 /* Sources */ = {
			isa = PBXSourcesBuildPhase;
			buildActionMask = 2147483647;
			files = (
			);
			runOnlyForDeploymentPostprocessing = 0;
		};
		DE415FEB2DEA18B9006542F4 /* Sources */ = {
			isa = PBXSourcesBuildPhase;
			buildActionMask = 2147483647;
			files = (
			);
			runOnlyForDeploymentPostprocessing = 0;
		};
		DE415FF52DEA18B9006542F4 /* Sources */ = {
			isa = PBXSourcesBuildPhase;
			buildActionMask = 2147483647;
			files = (
			);
			runOnlyForDeploymentPostprocessing = 0;
		};
/* End PBXSourcesBuildPhase section */

/* Begin PBXTargetDependency section */
		DE415FF12DEA18B9006542F4 /* PBXTargetDependency */ = {
			isa = PBXTargetDependency;
			target = DE415FE12DEA18B8006542F4 /* MobileTiltMouse */;
			targetProxy = DE415FF02DEA18B9006542F4 /* PBXContainerItemProxy */;
		};
		DE415FFB2DEA18B9006542F4 /* PBXTargetDependency */ = {
			isa = PBXTargetDependency;
			target = DE415FE12DEA18B8006542F4 /* MobileTiltMouse */;
			targetProxy = DE415FFA2DEA18B9006542F4 /* PBXContainerItemProxy */;
		};
/* End PBXTargetDependency section */

/* Begin XCBuildConfiguration section */
		DE4160012DEA18B9006542F4 /* Debug */ = {
			isa = XCBuildConfiguration;
			buildSettings = {
				ALWAYS_SEARCH_USER_PATHS = NO;
				ASSETCATALOG_COMPILER_GENERATE_SWIFT_ASSET_SYMBOL_EXTENSIONS = YES;
				CLANG_ANALYZER_NONNULL = YES;
				CLANG_ANALYZER_NUMBER_OBJECT_CONVERSION = YES_AGGRESSIVE;
				CLANG_CXX_LANGUAGE_STANDARD = "gnu++20";
				CLANG_ENABLE_MODULES = YES;
				CLANG_ENABLE_OBJC_ARC = YES;
				CLANG_ENABLE_OBJC_WEAK = YES;
				CLANG_WARN_BLOCK_CAPTURE_AUTORELEASING = YES;
				CLANG_WARN_BOOL_CONVERSION = YES;
				CLANG_WARN_COMMA = YES;
				CLANG_WARN_CONSTANT_CONVERSION = YES;
				CLANG_WARN_DEPRECATED_OBJC_IMPLEMENTATIONS = YES;
				CLANG_WARN_DIRECT_OBJC_ISA_USAGE = YES_ERROR;
				CLANG_WARN_DOCUMENTATION_COMMENTS = YES;
				CLANG_WARN_EMPTY_BODY = YES;
				CLANG_WARN_ENUM_CONVERSION = YES;
				CLANG_WARN_INFINITE_RECURSION = YES;
				CLANG_WARN_INT_CONVERSION = YES;
				CLANG_WARN_NON_LITERAL_NULL_CONVERSION = YES;
				CLANG_WARN_OBJC_IMPLICIT_RETAIN_SELF = YES;
				CLANG_WARN_OBJC_LITERAL_CONVERSION = YES;
				CLANG_WARN_OBJC_ROOT_CLASS = YES_ERROR;
				CLANG_WARN_QUOTED_INCLUDE_IN_FRAMEWORK_HEADER = YES;
				CLANG_WARN_RANGE_LOOP_ANALYSIS = YES;
				CLANG_WARN_STRICT_PROTOTYPES = YES;
				CLANG_WARN_SUSPICIOUS_MOVE = YES;
				CLANG_WARN_UNGUARDED_AVAILABILITY = YES_AGGRESSIVE;
				CLANG_WARN_UNREACHABLE_CODE = YES;
				CLANG_WARN__DUPLICATE_METHOD_MATCH = YES;
				COPY_PHASE_STRIP = NO;
				DEBUG_INFORMATION_FORMAT = dwarf;
				DEVELOPMENT_TEAM = 9W46M7Z9FP;
				ENABLE_STRICT_OBJC_MSGSEND = YES;
				ENABLE_TESTABILITY = YES;
				ENABLE_USER_SCRIPT_SANDBOXING = YES;
				GCC_C_LANGUAGE_STANDARD = gnu17;
				GCC_DYNAMIC_NO_PIC = NO;
				GCC_NO_COMMON_BLOCKS = YES;
				GCC_OPTIMIZATION_LEVEL = 0;
				GCC_PREPROCESSOR_DEFINITIONS = (
					"DEBUG=1",
					"$(inherited)",
				);
				GCC_WARN_64_TO_32_BIT_CONVERSION = YES;
				GCC_WARN_ABOUT_RETURN_TYPE = YES_ERROR;
				GCC_WARN_UNDECLARED_SELECTOR = YES;
				GCC_WARN_UNINITIALIZED_AUTOS = YES_AGGRESSIVE;
				GCC_WARN_UNUSED_FUNCTION = YES;
				GCC_WARN_UNUSED_VARIABLE = YES;
				IPHONEOS_DEPLOYMENT_TARGET = 18.5;
				LOCALIZATION_PREFERS_STRING_CATALOGS = YES;
				MTL_ENABLE_DEBUG_INFO = INCLUDE_SOURCE;
				MTL_FAST_MATH = YES;
				ONLY_ACTIVE_ARCH = YES;
				SDKROOT = iphoneos;
				SWIFT_ACTIVE_COMPILATION_CONDITIONS = "DEBUG $(inherited)";
				SWIFT_OPTIMIZATION_LEVEL = "-Onone";
			};
			name = Debug;
		};
		DE4160022DEA18B9006542F4 /* Release */ = {
			isa = XCBuildConfiguration;
			buildSettings = {
				ALWAYS_SEARCH_USER_PATHS = NO;
				ASSETCATALOG_COMPILER_GENERATE_SWIFT_ASSET_SYMBOL_EXTENSIONS = YES;
				CLANG_ANALYZER_NONNULL = YES;
				CLANG_ANALYZER_NUMBER_OBJECT_CONVERSION = YES_AGGRESSIVE;
				CLANG_CXX_LANGUAGE_STANDARD = "gnu++20";
				CLANG_ENABLE_MODULES = YES;
				CLANG_ENABLE_OBJC_ARC = YES;
				CLANG_ENABLE_OBJC_WEAK = YES;
				CLANG_WARN_BLOCK_CAPTURE_AUTORELEASING = YES;
				CLANG_WARN_BOOL_CONVERSION = YES;
				CLANG_WARN_COMMA = YES;
				CLANG_WARN_CONSTANT_CONVERSION = YES;
				CLANG_WARN_DEPRECATED_OBJC_IMPLEMENTATIONS = YES;
				CLANG_WARN_DIRECT_OBJC_ISA_USAGE = YES_ERROR;
				CLANG_WARN_DOCUMENTATION_COMMENTS = YES;
				CLANG_WARN_EMPTY_BODY = YES;
				CLANG_WARN_ENUM_CONVERSION = YES;
				CLANG_WARN_INFINITE_RECURSION = YES;
				CLANG_WARN_INT_CONVERSION = YES;
				CLANG_WARN_NON_LITERAL_NULL_CONVERSION = YES;
				CLANG_WARN_OBJC_IMPLICIT_RETAIN_SELF = YES;
				CLANG_WARN_OBJC_LITERAL_CONVERSION = YES;
				CLANG_WARN_OBJC_ROOT_CLASS = YES_ERROR;
				CLANG_WARN_QUOTED_INCLUDE_IN_FRAMEWORK_HEADER = YES;
				CLANG_WARN_RANGE_LOOP_ANALYSIS = YES;
				CLANG_WARN_STRICT_PROTOTYPES = YES;
				CLANG_WARN_SUSPICIOUS_MOVE = YES;
				CLANG_WARN_UNGUARDED_AVAILABILITY = YES_AGGRESSIVE;
				CLANG_WARN_UNREACHABLE_CODE = YES;
				CLANG_WARN__DUPLICATE_METHOD_MATCH = YES;
				COPY_PHASE_STRIP = NO;
				DEBUG_INFORMATION_FORMAT = "dwarf-with-dsym";
				DEVELOPMENT_TEAM = 9W46M7Z9FP;
				ENABLE_NS_ASSERTIONS = NO;
				ENABLE_STRICT_OBJC_MSGSEND = YES;
				ENABLE_USER_SCRIPT_SANDBOXING = YES;
				GCC_C_LANGUAGE_STANDARD = gnu17;
				GCC_NO_COMMON_BLOCKS = YES;
				GCC_WARN_64_TO_32_BIT_CONVERSION = YES;
				GCC_WARN_ABOUT_RETURN_TYPE = YES_ERROR;
				GCC_WARN_UNDECLARED_SELECTOR = YES;
				GCC_WARN_UNINITIALIZED_AUTOS = YES_AGGRESSIVE;
				GCC_WARN_UNUSED_FUNCTION = YES;
				GCC_WARN_UNUSED_VARIABLE = YES;
				IPHONEOS_DEPLOYMENT_TARGET = 18.5;
				LOCALIZATION_PREFERS_STRING_CATALOGS = YES;
				MTL_ENABLE_DEBUG_INFO = NO;
				MTL_FAST_MATH = YES;
				SDKROOT = iphoneos;
				SWIFT_COMPILATION_MODE = wholemodule;
				VALIDATE_PRODUCT = YES;
			};
			name = Release;
		};
		DE4160042DEA18B9006542F4 /* Debug */ = {
			isa = XCBuildConfiguration;
			buildSettings = {
				ASSETCATALOG_COMPILER_APPICON_NAME = AppIcon;
				ASSETCATALOG_COMPILER_GLOBAL_ACCENT_COLOR_NAME = AccentColor;
				CODE_SIGN_STYLE = Automatic;
				CURRENT_PROJECT_VERSION = 1;
				DEVELOPMENT_TEAM = 9W46M7Z9FP;
				ENABLE_PREVIEWS = YES;
				GENERATE_INFOPLIST_FILE = YES;
				INFOPLIST_FILE = MobileTiltMouse/Info.plist;
				INFOPLIST_KEY_CFBundleDisplayName = "";
				INFOPLIST_KEY_LSApplicationCategoryType = "public.app-category.utilities";
				INFOPLIST_KEY_NSLocalNetworkUsageDescription = "This app needs to connect to another device to remotely control its mouse pointer.";
				INFOPLIST_KEY_UIApplicationSceneManifest_Generation = YES;
				INFOPLIST_KEY_UIApplicationSupportsIndirectInputEvents = YES;
				INFOPLIST_KEY_UILaunchScreen_Generation = YES;
				INFOPLIST_KEY_UIRequiredDeviceCapabilities = "gyroscope accelerometer wifi";
				INFOPLIST_KEY_UIRequiresFullScreen = YES;
				INFOPLIST_KEY_UISupportedInterfaceOrientations = UIInterfaceOrientationPortrait;
				IPHONEOS_DEPLOYMENT_TARGET = 18.0;
				LD_RUNPATH_SEARCH_PATHS = (
					"$(inherited)",
					"@executable_path/Frameworks",
				);
				MARKETING_VERSION = 0.1;
				PRODUCT_BUNDLE_IDENTIFIER = de.example.MobileTiltMouse;
				PRODUCT_NAME = "$(TARGET_NAME)";
				SUPPORTED_PLATFORMS = "iphoneos iphonesimulator";
				SUPPORTS_MACCATALYST = NO;
				SUPPORTS_MAC_DESIGNED_FOR_IPHONE_IPAD = NO;
				SUPPORTS_XR_DESIGNED_FOR_IPHONE_IPAD = NO;
				SWIFT_EMIT_LOC_STRINGS = YES;
				SWIFT_VERSION = 5.0;
				TARGETED_DEVICE_FAMILY = 1;
			};
			name = Debug;
		};
		DE4160052DEA18B9006542F4 /* Release */ = {
			isa = XCBuildConfiguration;
			buildSettings = {
				ASSETCATALOG_COMPILER_APPICON_NAME = AppIcon;
				ASSETCATALOG_COMPILER_GLOBAL_ACCENT_COLOR_NAME = AccentColor;
				CODE_SIGN_STYLE = Automatic;
				CURRENT_PROJECT_VERSION = 1;
				DEVELOPMENT_TEAM = 9W46M7Z9FP;
				ENABLE_PREVIEWS = YES;
				GENERATE_INFOPLIST_FILE = YES;
				INFOPLIST_FILE = MobileTiltMouse/Info.plist;
				INFOPLIST_KEY_CFBundleDisplayName = "";
				INFOPLIST_KEY_LSApplicationCategoryType = "public.app-category.utilities";
				INFOPLIST_KEY_NSLocalNetworkUsageDescription = "This app needs to connect to another device to remotely control its mouse pointer.";
				INFOPLIST_KEY_UIApplicationSceneManifest_Generation = YES;
				INFOPLIST_KEY_UIApplicationSupportsIndirectInputEvents = YES;
				INFOPLIST_KEY_UILaunchScreen_Generation = YES;
				INFOPLIST_KEY_UIRequiredDeviceCapabilities = "gyroscope accelerometer wifi";
				INFOPLIST_KEY_UIRequiresFullScreen = YES;
				INFOPLIST_KEY_UISupportedInterfaceOrientations = UIInterfaceOrientationPortrait;
				IPHONEOS_DEPLOYMENT_TARGET = 18.0;
				LD_RUNPATH_SEARCH_PATHS = (
					"$(inherited)",
					"@executable_path/Frameworks",
				);
				MARKETING_VERSION = 0.1;
				PRODUCT_BUNDLE_IDENTIFIER = de.example.MobileTiltMouse;
				PRODUCT_NAME = "$(TARGET_NAME)";
				SUPPORTED_PLATFORMS = "iphoneos iphonesimulator";
				SUPPORTS_MACCATALYST = NO;
				SUPPORTS_MAC_DESIGNED_FOR_IPHONE_IPAD = NO;
				SUPPORTS_XR_DESIGNED_FOR_IPHONE_IPAD = NO;
				SWIFT_EMIT_LOC_STRINGS = YES;
				SWIFT_VERSION = 5.0;
				TARGETED_DEVICE_FAMILY = 1;
			};
			name = Release;
		};
		DE4160072DEA18B9006542F4 /* Debug */ = {
			isa = XCBuildConfiguration;
			buildSettings = {
				BUNDLE_LOADER = "$(TEST_HOST)";
				CODE_SIGN_STYLE = Automatic;
				CURRENT_PROJECT_VERSION = 1;
				DEVELOPMENT_TEAM = 9W46M7Z9FP;
				GENERATE_INFOPLIST_FILE = YES;
				IPHONEOS_DEPLOYMENT_TARGET = 18.0;
				MARKETING_VERSION = 1.0;
				PRODUCT_BUNDLE_IDENTIFIER = de.example.MobileTiltMouseTests;
				PRODUCT_NAME = "$(TARGET_NAME)";
				SUPPORTED_PLATFORMS = "iphoneos iphonesimulator";
				SUPPORTS_MACCATALYST = NO;
				SUPPORTS_MAC_DESIGNED_FOR_IPHONE_IPAD = NO;
				SUPPORTS_XR_DESIGNED_FOR_IPHONE_IPAD = NO;
				SWIFT_EMIT_LOC_STRINGS = NO;
				SWIFT_VERSION = 5.0;
				TARGETED_DEVICE_FAMILY = 1;
				TEST_HOST = "$(BUILT_PRODUCTS_DIR)/MobileTiltMouse.app/$(BUNDLE_EXECUTABLE_FOLDER_PATH)/MobileTiltMouse";
			};
			name = Debug;
		};
		DE4160082DEA18B9006542F4 /* Release */ = {
			isa = XCBuildConfiguration;
			buildSettings = {
				BUNDLE_LOADER = "$(TEST_HOST)";
				CODE_SIGN_STYLE = Automatic;
				CURRENT_PROJECT_VERSION = 1;
				DEVELOPMENT_TEAM = 9W46M7Z9FP;
				GENERATE_INFOPLIST_FILE = YES;
				IPHONEOS_DEPLOYMENT_TARGET = 18.0;
				MARKETING_VERSION = 1.0;
				PRODUCT_BUNDLE_IDENTIFIER = de.example.MobileTiltMouseTests;
				PRODUCT_NAME = "$(TARGET_NAME)";
				SUPPORTED_PLATFORMS = "iphoneos iphonesimulator";
				SUPPORTS_MACCATALYST = NO;
				SUPPORTS_MAC_DESIGNED_FOR_IPHONE_IPAD = NO;
				SUPPORTS_XR_DESIGNED_FOR_IPHONE_IPAD = NO;
				SWIFT_EMIT_LOC_STRINGS = NO;
				SWIFT_VERSION = 5.0;
				TARGETED_DEVICE_FAMILY = 1;
				TEST_HOST = "$(BUILT_PRODUCTS_DIR)/MobileTiltMouse.app/$(BUNDLE_EXECUTABLE_FOLDER_PATH)/MobileTiltMouse";
			};
			name = Release;
		};
		DE41600A2DEA18B9006542F4 /* Debug */ = {
			isa = XCBuildConfiguration;
			buildSettings = {
				CODE_SIGN_STYLE = Automatic;
				CURRENT_PROJECT_VERSION = 1;
				DEVELOPMENT_TEAM = 9W46M7Z9FP;
				GENERATE_INFOPLIST_FILE = YES;
				IPHONEOS_DEPLOYMENT_TARGET = 18.0;
				MARKETING_VERSION = 1.0;
				PRODUCT_BUNDLE_IDENTIFIER = de.example.MobileTiltMouseUITests;
				PRODUCT_NAME = "$(TARGET_NAME)";
				SUPPORTED_PLATFORMS = "iphoneos iphonesimulator";
				SUPPORTS_MACCATALYST = NO;
				SUPPORTS_MAC_DESIGNED_FOR_IPHONE_IPAD = NO;
				SUPPORTS_XR_DESIGNED_FOR_IPHONE_IPAD = NO;
				SWIFT_EMIT_LOC_STRINGS = NO;
				SWIFT_VERSION = 5.0;
				TARGETED_DEVICE_FAMILY = 1;
				TEST_TARGET_NAME = MobileTiltMouse;
			};
			name = Debug;
		};
		DE41600B2DEA18B9006542F4 /* Release */ = {
			isa = XCBuildConfiguration;
			buildSettings = {
				CODE_SIGN_STYLE = Automatic;
				CURRENT_PROJECT_VERSION = 1;
				DEVELOPMENT_TEAM = 9W46M7Z9FP;
				GENERATE_INFOPLIST_FILE = YES;
				IPHONEOS_DEPLOYMENT_TARGET = 18.0;
				MARKETING_VERSION = 1.0;
				PRODUCT_BUNDLE_IDENTIFIER = de.example.MobileTiltMouseUITests;
				PRODUCT_NAME = "$(TARGET_NAME)";
				SUPPORTED_PLATFORMS = "iphoneos iphonesimulator";
				SUPPORTS_MACCATALYST = NO;
				SUPPORTS_MAC_DESIGNED_FOR_IPHONE_IPAD = NO;
				SUPPORTS_XR_DESIGNED_FOR_IPHONE_IPAD = NO;
				SWIFT_EMIT_LOC_STRINGS = NO;
				SWIFT_VERSION = 5.0;
				TARGETED_DEVICE_FAMILY = 1;
				TEST_TARGET_NAME = MobileTiltMouse;
			};
			name = Release;
		};
/* End XCBuildConfiguration section */

/* Begin XCConfigurationList section */
		DE415FDD2DEA18B8006542F4 /* Build configuration list for PBXProject "MobileTiltMouse" */ = {
			isa = XCConfigurationList;
			buildConfigurations = (
				DE4160012DEA18B9006542F4 /* Debug */,
				DE4160022DEA18B9006542F4 /* Release */,
			);
			defaultConfigurationIsVisible = 0;
			defaultConfigurationName = Release;
		};
		DE4160032DEA18B9006542F4 /* Build configuration list for PBXNativeTarget "MobileTiltMouse" */ = {
			isa = XCConfigurationList;
			buildConfigurations = (
				DE4160042DEA18B9006542F4 /* Debug */,
				DE4160052DEA18B9006542F4 /* Release */,
			);
			defaultConfigurationIsVisible = 0;
			defaultConfigurationName = Release;
		};
		DE4160062DEA18B9006542F4 /* Build configuration list for PBXNativeTarget "MobileTiltMouseTests" */ = {
			isa = XCConfigurationList;
			buildConfigurations = (
				DE4160072DEA18B9006542F4 /* Debug */,
				DE4160082DEA18B9006542F4 /* Release */,
			);
			defaultConfigurationIsVisible = 0;
			defaultConfigurationName = Release;
		};
		DE4160092DEA18B9006542F4 /* Build configuration list for PBXNativeTarget "MobileTiltMouseUITests" */ = {
			isa = XCConfigurationList;
			buildConfigurations = (
				DE41600A2DEA18B9006542F4 /* Debug */,
				DE41600B2DEA18B9006542F4 /* Release */,
			);
			defaultConfigurationIsVisible = 0;
			defaultConfigurationName = Release;
		};
/* End XCConfigurationList section */
	};
	rootObject = DE415FDA2DEA18B8006542F4 /* Project object */;
}
